
Microsoft Visual Studio Solution File, Format Version 12.00
# Visual Studio Version 17
VisualStudioVersion = 17.5.33627.172
MinimumVisualStudioVersion = 10.0.40219.1
Project("{FAE04EC0-301F-11D3-BF4B-00C04F79EFBC}") = "Restoran.Win32", "Restoran.Win32\Restoran.Win32.csproj", "{4161FF9A-F841-4C3B-8AE8-6FBA7C8FBAD1}"
EndProject
Global
	GlobalSection(SolutionConfigurationPlatforms) = preSolution
		Debug|Any CPU = Debug|Any CPU
		Release|Any CPU = Release|Any CPU
	EndGlobalSection
	GlobalSection(ProjectConfigurationPlatforms) = postSolution
		{4161FF9A-F841-4C3B-8AE8-6FBA7C8FBAD1}.Debug|Any CPU.ActiveCfg = Debug|Any CPU
		{4161FF9A-F841-4C3B-8AE8-6FBA7C8FBAD1}.Debug|Any CPU.Build.0 = Debug|Any CPU
		{4161FF9A-F841-4C3B-8AE8-6FBA7C8FBAD1}.Release|Any CPU.ActiveCfg = Release|Any CPU
		{4161FF9A-F841-4C3B-8AE8-6FBA7C8FBAD1}.Release|Any CPU.Build.0 = Release|Any CPU
	EndGlobalSection
	GlobalSection(SolutionProperties) = preSolution
		HideSolutionNode = FALSE
	EndGlobalSection
	GlobalSection(ExtensibilityGlobals) = postSolution
		SolutionGuid = {48C7F79D-B24A-48DE-A705-AA51FAC1FB60}
	EndGlobalSection
EndGlobal
